Microsoft Visual Studio Solution File, Format Version 12.00
# Visual Studio Version 17
VisualStudioVersion = 17.0.31919.166
MinimumVisualStudioVersion = 10.0.40219.1
Project("{9A19103F-16F7-4668-BE54-9A1E7A4F7556}") = "SiteManagerKenya", "SiteManagerKenya\SiteManagerKenya.csproj", "{C1F2D7E0-0C0A-4C0B-8B0D-1E2F3A4B5C6D}"
EndProject
Project("{9A19103F-16F7-4668-BE54-9A1E7A4F7556}") = "SiteManagerKenya.Tests", "SiteManagerKenya.Tests\SiteManagerKenya.Tests.csproj", "{D2E3F8F1-1D1B-5D1C-9C1E-2F3G4B5C6D7E}"
EndProject
Global
	GlobalSection(SolutionConfigurationPlatforms) = preSolution
		Debug|Any CPU = Debug|Any CPU
		Debug|x64 = Debug|x64
		Release|Any CPU = Release|Any CPU
		Release|x64 = Release|x64
	EndGlobalSection
	GlobalSection(ProjectConfigurationPlatforms) = postSolution
		{C1F2D7E0-0C0A-4C0B-8B0D-1E2F3A4B5C6D}.Debug|Any CPU.ActiveCfg = Debug|Any CPU
		{C1F2D7E0-0C0A-4C0B-8B0D-1E2F3A4B5C6D}.Debug|Any CPU.Build.0 = Debug|Any CPU
		{C1F2D7E0-0C0A-4C0B-8B0D-1E2F3A4B5C6D}.Debug|x64.ActiveCfg = Debug|Any CPU
		{C1F2D7E0-0C0A-4C0B-8B0D-1E2F3A4B5C6D}.Debug|x64.Build.0 = Debug|Any CPU
		{C1F2D7E0-0C0A-4C0B-8B0D-1E2F3A4B5C6D}.Release|Any CPU.ActiveCfg = Release|Any CPU
		{C1F2D7E0-0C0A-4C0B-8B0D-1E2F3A4B5C6D}.Release|Any CPU.Build.0 = Release|Any CPU
		{C1F2D7E0-0C0A-4C0B-8B0D-1E2F3A4B5C6D}.Release|x64.ActiveCfg = Release|Any CPU
		{C1F2D7E0-0C0A-4C0B-8B0D-1E2F3A4B5C6D}.Release|x64.Build.0 = Release|Any CPU
		{D2E3F8F1-1D1B-5D1C-9C1E-2F3G4B5C6D7E}.Debug|Any CPU.ActiveCfg = Debug|Any CPU
		{D2E3F8F1-1D1B-5D1C-9C1E-2F3G4B5C6D7E}.Debug|Any CPU.Build.0 = Debug|Any CPU
		{D2E3F8F1-1D1B-5D1C-9C1E-2F3G4B5C6D7E}.Debug|x64.ActiveCfg = Debug|Any CPU
		{D2E3F8F1-1D1B-5D1C-9C1E-2F3G4B5C6D7E}.Debug|x64.Build.0 = Debug|Any CPU
		{D2E3F8F1-1D1B-5D1C-9C1E-2F3G4B5C6D7E}.Release|Any CPU.ActiveCfg = Release|Any CPU
		{D2E3F8F1-1D1B-5D1C-9C1E-2F3G4B5C6D7E}.Release|Any CPU.Build.0 = Release|Any CPU
		{D2E3F8F1-1D1B-5D1C-9C1E-2F3G4B5C6D7E}.Release|x64.ActiveCfg = Release|Any CPU
		{D2E3F8F1-1D1B-5D1C-9C1E-2F3G4B5C6D7E}.Release|x64.Build.0 = Release|Any CPU
	EndGlobalSection
EndGlobal
